
Microsoft Visual Studio Solution File, Format Version 12.00
# Visual Studio Version 17
VisualStudioVersion = 17.13.35825.156 d17.13
MinimumVisualStudioVersion = 10.0.40219.1
Project("{FAE04EC0-301F-11D3-BF4B-00C04F79EFBC}") = "Circle Collision", "Circle Collision\Circle Collision.csproj", "{0A25E73C-4925-406B-8075-8C27AFE51F5F}"
EndProject
Global
	GlobalSection(SolutionConfigurationPlatforms) = preSolution
		Debug|Any CPU = Debug|Any CPU
		Release|Any CPU = Release|Any CPU
	EndGlobalSection
	GlobalSection(ProjectConfigurationPlatforms) = postSolution
		{0A25E73C-4925-406B-8075-8C27AFE51F5F}.Debug|Any CPU.ActiveCfg = Debug|Any CPU
		{0A25E73C-4925-406B-8075-8C27AFE51F5F}.Debug|Any CPU.Build.0 = Debug|Any CPU
		{0A25E73C-4925-406B-8075-8C27AFE51F5F}.Release|Any CPU.ActiveCfg = Release|Any CPU
		{0A25E73C-4925-406B-8075-8C27AFE51F5F}.Release|Any CPU.Build.0 = Release|Any CPU
	EndGlobalSection
	GlobalSection(SolutionProperties) = preSolution
		HideSolutionNode = FALSE
	EndGlobalSection
	GlobalSection(ExtensibilityGlobals) = postSolution
		SolutionGuid = {DC336F88-2E44-442B-AC80-5A14110A028B}
	EndGlobalSection
EndGlobal
